
Microsoft Visual Studio Solution File, Format Version 12.00
# Visual Studio 2012
Project("{FAE04EC0-301F-11D3-BF4B-00C04F79EFBC}") = "Wavefront.CSharp.SDK", "Wavefront.CSharp.SDK\Wavefront.CSharp.SDK.csproj", "{0CC170B1-8B06-403C-817E-CEC653B67DEC}"
EndProject
Project("{FAE04EC0-301F-11D3-BF4B-00C04F79EFBC}") = "Wavefront.CSharp.SDK.Test", "Wavefront.CSharp.SDK.Test\Wavefront.CSharp.SDK.Test.csproj", "{2843F32B-90B0-44AE-87D9-F1BD3442A7C6}"
EndProject
Global
	GlobalSection(SolutionConfigurationPlatforms) = preSolution
		Debug|Any CPU = Debug|Any CPU
		Release|Any CPU = Release|Any CPU
	EndGlobalSection
	GlobalSection(ProjectConfigurationPlatforms) = postSolution
		{0CC170B1-8B06-403C-817E-CEC653B67DEC}.Debug|Any CPU.ActiveCfg = Debug|Any CPU
		{0CC170B1-8B06-403C-817E-CEC653B67DEC}.Debug|Any CPU.Build.0 = Debug|Any CPU
		{0CC170B1-8B06-403C-817E-CEC653B67DEC}.Release|Any CPU.ActiveCfg = Release|Any CPU
		{0CC170B1-8B06-403C-817E-CEC653B67DEC}.Release|Any CPU.Build.0 = Release|Any CPU
		{2843F32B-90B0-44AE-87D9-F1BD3442A7C6}.Debug|Any CPU.ActiveCfg = Debug|Any CPU
		{2843F32B-90B0-44AE-87D9-F1BD3442A7C6}.Debug|Any CPU.Build.0 = Debug|Any CPU
		{2843F32B-90B0-44AE-87D9-F1BD3442A7C6}.Release|Any CPU.ActiveCfg = Release|Any CPU
		{2843F32B-90B0-44AE-87D9-F1BD3442A7C6}.Release|Any CPU.Build.0 = Release|Any CPU
	EndGlobalSection
	GlobalSection(MonoDevelopProperties) = preSolution
		Policies = $0
		$0.TextStylePolicy = $1
		$1.TabsToSpaces = True
		$1.scope = text/x-csharp
		$0.CSharpFormattingPolicy = $2
		$2.scope = text/x-csharp
	EndGlobalSection
EndGlobal
